{
  "version": "3",
  "remote": {},
  "workspace": {
    "dependencies": [
      "npm:@hono/react-renderer@^0.2.1",
      "npm:@tanstack/react-query@^5.51.21",
      "npm:@types/react-dom@^18.3.0",
      "npm:@types/react@^18.3.3",
      "npm:clsx@^2.1.1",
      "npm:cssnano@^7.0.4",
      "npm:hono@4.5.3",
      "npm:luxon@^3.4.4",
      "npm:postcss@^8.4.39",
      "npm:react-dom@^18.3.1",
      "npm:react@^18.3.1",
      "npm:tailwind-merge@^2.4.0",
      "npm:tailwindcss@^3.4.6"
    ]
  }
}
